
Microsoft Visual Studio Solution File, Format Version 12.00
# Visual Studio Version 17
VisualStudioVersion = 17.3.32922.545
MinimumVisualStudioVersion = 10.0.40219.1
Project("{FAE04EC0-301F-11D3-BF4B-00C04F79EFBC}") = "ErpMicroOrcamento", "ErpMicroOrcamento\ErpMicroOrcamento.csproj", "{AC6419B8-F5C2-47F5-B0A6-03CB5DB363F7}"
EndProject
Global
	GlobalSection(SolutionConfigurationPlatforms) = preSolution
		Debug|Any CPU = Debug|Any CPU
		Release|Any CPU = Release|Any CPU
	EndGlobalSection
	GlobalSection(ProjectConfigurationPlatforms) = postSolution
		{AC6419B8-F5C2-47F5-B0A6-03CB5DB363F7}.Debug|Any CPU.ActiveCfg = Debug|Any CPU
		{AC6419B8-F5C2-47F5-B0A6-03CB5DB363F7}.Debug|Any CPU.Build.0 = Debug|Any CPU
		{AC6419B8-F5C2-47F5-B0A6-03CB5DB363F7}.Release|Any CPU.ActiveCfg = Release|Any CPU
		{AC6419B8-F5C2-47F5-B0A6-03CB5DB363F7}.Release|Any CPU.Build.0 = Release|Any CPU
	EndGlobalSection
	GlobalSection(SolutionProperties) = preSolution
		HideSolutionNode = FALSE
	EndGlobalSection
	GlobalSection(ExtensibilityGlobals) = postSolution
		SolutionGuid = {89DA94D3-18C2-4F18-9C9D-53F80AF3A980}
	EndGlobalSection
EndGlobal
